
Microsoft Visual Studio Solution File, Format Version 12.00
# Visual Studio Version 16
VisualStudioVersion = 16.0.30523.141
MinimumVisualStudioVersion = 10.0.40219.1
Project("{9A19103F-16F7-4668-BE54-9A1E7A4F7556}") = "Leave-Management", "Leave-Management.csproj", "{5F8D85E4-25D5-4212-ADC2-B068F29DE74E}"
EndProject
Global
	GlobalSection(SolutionConfigurationPlatforms) = preSolution
		Debug|Any CPU = Debug|Any CPU
		Release|Any CPU = Release|Any CPU
	EndGlobalSection
	GlobalSection(ProjectConfigurationPlatforms) = postSolution
		{5F8D85E4-25D5-4212-ADC2-B068F29DE74E}.Debug|Any CPU.ActiveCfg = Debug|Any CPU
		{5F8D85E4-25D5-4212-ADC2-B068F29DE74E}.Debug|Any CPU.Build.0 = Debug|Any CPU
		{5F8D85E4-25D5-4212-ADC2-B068F29DE74E}.Release|Any CPU.ActiveCfg = Release|Any CPU
		{5F8D85E4-25D5-4212-ADC2-B068F29DE74E}.Release|Any CPU.Build.0 = Release|Any CPU
	EndGlobalSection
	GlobalSection(SolutionProperties) = preSolution
		HideSolutionNode = FALSE
	EndGlobalSection
	GlobalSection(ExtensibilityGlobals) = postSolution
		SolutionGuid = {7A790B8E-AC7D-4257-BB8B-78345A20672B}
	EndGlobalSection
EndGlobal
